
Microsoft Visual Studio Solution File, Format Version 12.00
# Visual Studio Version 17
VisualStudioVersion = 17.3.32922.545
MinimumVisualStudioVersion = 10.0.40219.1
Project("{9A19103F-16F7-4668-BE54-9A1E7A4F7556}") = "APIMsFinanceiro.API", "APIMsFinanceiro.Api\APIMsFinanceiro.API.csproj", "{9B680AA9-D3EE-4557-8F8C-0410015FA7EC}"
EndProject
Project("{9A19103F-16F7-4668-BE54-9A1E7A4F7556}") = "APIMsFinanceiro.Tests", "APIMsFinanceiro.Tests\APIMsFinanceiro.Tests.csproj", "{14533799-C818-47F5-BD8D-6EEA4350AC6A}"
EndProject
Global
	GlobalSection(SolutionConfigurationPlatforms) = preSolution
		Debug|Any CPU = Debug|Any CPU
		Release|Any CPU = Release|Any CPU
	EndGlobalSection
	GlobalSection(ProjectConfigurationPlatforms) = postSolution
		{9B680AA9-D3EE-4557-8F8C-0410015FA7EC}.Debug|Any CPU.ActiveCfg = Debug|Any CPU
		{9B680AA9-D3EE-4557-8F8C-0410015FA7EC}.Debug|Any CPU.Build.0 = Debug|Any CPU
		{9B680AA9-D3EE-4557-8F8C-0410015FA7EC}.Release|Any CPU.ActiveCfg = Release|Any CPU
		{9B680AA9-D3EE-4557-8F8C-0410015FA7EC}.Release|Any CPU.Build.0 = Release|Any CPU
		{14533799-C818-47F5-BD8D-6EEA4350AC6A}.Debug|Any CPU.ActiveCfg = Debug|Any CPU
		{14533799-C818-47F5-BD8D-6EEA4350AC6A}.Debug|Any CPU.Build.0 = Debug|Any CPU
		{14533799-C818-47F5-BD8D-6EEA4350AC6A}.Release|Any CPU.ActiveCfg = Release|Any CPU
		{14533799-C818-47F5-BD8D-6EEA4350AC6A}.Release|Any CPU.Build.0 = Release|Any CPU
	EndGlobalSection
	GlobalSection(SolutionProperties) = preSolution
		HideSolutionNode = FALSE
	EndGlobalSection
	GlobalSection(ExtensibilityGlobals) = postSolution
		SolutionGuid = {BCE5B7F1-3887-4C81-91B9-33FA77526547}
	EndGlobalSection
EndGlobal
